// !$*UTF8*$!
{
	archiveVersion = 1;
	classes = {
	};
	objectVersion = 56;
	objects = {

/* Begin PBXBuildFile section */
		63194D1B2C63E01000CAA0AB /* InventoryGridViewCell.swift in Sources */ = {isa = PBXBuildFile; fileRef = 63194D1A2C63E01000CAA0AB /* InventoryGridViewCell.swift */; };
		631A5FD92C5A548C002331F7 /* ConsumableItemDetails.swift in Sources */ = {isa = PBXBuildFile; fileRef = 631A5FD82C5A548C002331F7 /* ConsumableItemDetails.swift */; };
		631AF3D12C4FC82C00DFD63C /* VremeniApp.swift in Sources */ = {isa = PBXBuildFile; fileRef = 631AF3D02C4FC82C00DFD63C /* VremeniApp.swift */; };
		631AF3D52C4FC82D00DFD63C /* Assets.xcassets in Resources */ = {isa = PBXBuildFile; fileRef = 631AF3D42C4FC82D00DFD63C /* Assets.xcassets */; };
		631AF3D82C4FC82D00DFD63C /* Preview Assets.xcassets in Resources */ = {isa = PBXBuildFile; fileRef = 631AF3D72C4FC82D00DFD63C /* Preview Assets.xcassets */; };
		631AF3E72C4FC82E00DFD63C /* VremeniTests.swift in Sources */ = {isa = PBXBuildFile; fileRef = 631AF3E62C4FC82E00DFD63C /* VremeniTests.swift */; };
		631AF3F12C4FC82E00DFD63C /* VremeniUITests.swift in Sources */ = {isa = PBXBuildFile; fileRef = 631AF3F02C4FC82E00DFD63C /* VremeniUITests.swift */; };
		631AF3F32C4FC82E00DFD63C /* VremeniUITestsLaunchTests.swift in Sources */ = {isa = PBXBuildFile; fileRef = 631AF3F22C4FC82E00DFD63C /* VremeniUITestsLaunchTests.swift */; };
		631AF4092C516EC100DFD63C /* FontExtension.swift in Sources */ = {isa = PBXBuildFile; fileRef = 631AF4082C516EC100DFD63C /* FontExtension.swift */; };
		631AF40B2C516ECF00DFD63C /* ColorExtension.swift in Sources */ = {isa = PBXBuildFile; fileRef = 631AF40A2C516ECF00DFD63C /* ColorExtension.swift */; };
		631AF40D2C516EDD00DFD63C /* ImageExtension.swift in Sources */ = {isa = PBXBuildFile; fileRef = 631AF40C2C516EDD00DFD63C /* ImageExtension.swift */; };
		631AF40F2C516EF000DFD63C /* Lables.swift in Sources */ = {isa = PBXBuildFile; fileRef = 631AF40E2C516EF000DFD63C /* Lables.swift */; };
		631AF4112C516F0000DFD63C /* DateFormats.swift in Sources */ = {isa = PBXBuildFile; fileRef = 631AF4102C516F0000DFD63C /* DateFormats.swift */; };
		631AF4132C5176BA00DFD63C /* ShopViewModel.swift in Sources */ = {isa = PBXBuildFile; fileRef = 631AF4122C5176BA00DFD63C /* ShopViewModel.swift */; };
		631AF4152C5176D400DFD63C /* ShopView.swift in Sources */ = {isa = PBXBuildFile; fileRef = 631AF4142C5176D400DFD63C /* ShopView.swift */; };
		631AF4172C5176DE00DFD63C /* ConsumableItem.swift in Sources */ = {isa = PBXBuildFile; fileRef = 631AF4162C5176DE00DFD63C /* ConsumableItem.swift */; };
		631AF4192C517F7900DFD63C /* ShopItemGridCell.swift in Sources */ = {isa = PBXBuildFile; fileRef = 631AF4182C517F7900DFD63C /* ShopItemGridCell.swift */; };
		631AF41F2C5250AF00DFD63C /* MachineView.swift in Sources */ = {isa = PBXBuildFile; fileRef = 631AF41E2C5250AF00DFD63C /* MachineView.swift */; };
		631AF4212C5250BB00DFD63C /* InventoryView.swift in Sources */ = {isa = PBXBuildFile; fileRef = 631AF4202C5250BB00DFD63C /* InventoryView.swift */; };
		631AF4232C5250C400DFD63C /* ProfileView.swift in Sources */ = {isa = PBXBuildFile; fileRef = 631AF4222C5250C400DFD63C /* ProfileView.swift */; };
		631AF4262C5256A300DFD63C /* MachineModel.swift in Sources */ = {isa = PBXBuildFile; fileRef = 631AF4252C5256A300DFD63C /* MachineModel.swift */; };
		631AF42A2C5256CF00DFD63C /* MachineViewModel.swift in Sources */ = {isa = PBXBuildFile; fileRef = 631AF4292C5256CF00DFD63C /* MachineViewModel.swift */; };
		631AF42C2C5259EC00DFD63C /* MachineViewGridCell.swift in Sources */ = {isa = PBXBuildFile; fileRef = 631AF42B2C5259EC00DFD63C /* MachineViewGridCell.swift */; };
		631AF4302C5273B300DFD63C /* ProgressBar.swift in Sources */ = {isa = PBXBuildFile; fileRef = 631AF42F2C5273B300DFD63C /* ProgressBar.swift */; };
		631F26542C656EDE00FEAD1A /* SectionHeader.swift in Sources */ = {isa = PBXBuildFile; fileRef = 631F26532C656EDE00FEAD1A /* SectionHeader.swift */; };
		631F26562C66185900FEAD1A /* RarityModel.swift in Sources */ = {isa = PBXBuildFile; fileRef = 631F26552C66185900FEAD1A /* RarityModel.swift */; };
		631F26582C66188300FEAD1A /* RuleModel.swift in Sources */ = {isa = PBXBuildFile; fileRef = 631F26572C66188300FEAD1A /* RuleModel.swift */; };
		631F265A2C66556400FEAD1A /* InventoryStatsGridCell.swift in Sources */ = {isa = PBXBuildFile; fileRef = 631F26592C66556400FEAD1A /* InventoryStatsGridCell.swift */; };
		631F265C2C6665A600FEAD1A /* PlaceholderView.swift in Sources */ = {isa = PBXBuildFile; fileRef = 631F265B2C6665A600FEAD1A /* PlaceholderView.swift */; };
		631F265E2C66C05B00FEAD1A /* InventoryItemDetailsView.swift in Sources */ = {isa = PBXBuildFile; fileRef = 631F265D2C66C05B00FEAD1A /* InventoryItemDetailsView.swift */; };
		631F26632C6800AC00FEAD1A /* ProfileModel.swift in Sources */ = {isa = PBXBuildFile; fileRef = 631F26622C6800AC00FEAD1A /* ProfileModel.swift */; };
		631F26652C68EE5400FEAD1A /* ProfileAboutView.swift in Sources */ = {isa = PBXBuildFile; fileRef = 631F26642C68EE5400FEAD1A /* ProfileAboutView.swift */; };
		631F26672C68FACF00FEAD1A /* LinkRow.swift in Sources */ = {isa = PBXBuildFile; fileRef = 631F26662C68FACF00FEAD1A /* LinkRow.swift */; };
		6324BA412C6A283400A2610A /* ArchiveView.swift in Sources */ = {isa = PBXBuildFile; fileRef = 6324BA402C6A283400A2610A /* ArchiveView.swift */; };
		6324BA442C6A2D5900A2610A /* ArchiveGridCell.swift in Sources */ = {isa = PBXBuildFile; fileRef = 6324BA432C6A2D5900A2610A /* ArchiveGridCell.swift */; };
		6373291B2C5C1E9600D7A719 /* ShopItemGridCellLocked.swift in Sources */ = {isa = PBXBuildFile; fileRef = 6373291A2C5C1E9600D7A719 /* ShopItemGridCellLocked.swift */; };
		638620A92C5D4F1F00453944 /* EmptyMachineViewGridCell.swift in Sources */ = {isa = PBXBuildFile; fileRef = 638620A82C5D4F1F00453944 /* EmptyMachineViewGridCell.swift */; };
		638620AB2C5D566400453944 /* NewSlotMachineViewGridCell.swift in Sources */ = {isa = PBXBuildFile; fileRef = 638620AA2C5D566400453944 /* NewSlotMachineViewGridCell.swift */; };
		638620AD2C5D7D0300453944 /* QueueMachineViewGridCell.swift in Sources */ = {isa = PBXBuildFile; fileRef = 638620AC2C5D7D0300453944 /* QueueMachineViewGridCell.swift */; };
		638620AF2C602B1C00453944 /* MachineAddItemsView.swift in Sources */ = {isa = PBXBuildFile; fileRef = 638620AE2C602B1C00453944 /* MachineAddItemsView.swift */; };
		638620B32C60314F00453944 /* ItemListRow.swift in Sources */ = {isa = PBXBuildFile; fileRef = 638620B22C60314F00453944 /* ItemListRow.swift */; };
		638620B52C60D11B00453944 /* MachineItemDetailsView.swift in Sources */ = {isa = PBXBuildFile; fileRef = 638620B42C60D11B00453944 /* MachineItemDetailsView.swift */; };
		6395B7612C5A5FBD00C0C611 /* ParameterRow.swift in Sources */ = {isa = PBXBuildFile; fileRef = 6395B7602C5A5FBD00C0C611 /* ParameterRow.swift */; };
		6395B7632C5A63D900C0C611 /* TotalPrice.swift in Sources */ = {isa = PBXBuildFile; fileRef = 6395B7622C5A63D900C0C611 /* TotalPrice.swift */; };
		6395B7672C5A75E500C0C611 /* ProfileViewModel.swift in Sources */ = {isa = PBXBuildFile; fileRef = 6395B7662C5A75E500C0C611 /* ProfileViewModel.swift */; };
		639C76382C5952E900C1CEB8 /* ConsumableItemCreate.swift in Sources */ = {isa = PBXBuildFile; fileRef = 639C76372C5952E900C1CEB8 /* ConsumableItemCreate.swift */; };
		63FD7DE02C57F9EE008487DD /* InventoryModel.swift in Sources */ = {isa = PBXBuildFile; fileRef = 63FD7DDF2C57F9EE008487DD /* InventoryModel.swift */; };
		63FD7DE22C57FA12008487DD /* InventoryViewModel.swift in Sources */ = {isa = PBXBuildFile; fileRef = 63FD7DE12C57FA12008487DD /* InventoryViewModel.swift */; };
/* End PBXBuildFile section */

/* Begin PBXContainerItemProxy section */
		631AF3E32C4FC82E00DFD63C /* PBXContainerItemProxy */ = {
			isa = PBXContainerItemProxy;
			containerPortal = 631AF3C52C4FC82B00DFD63C /* Project object */;
			proxyType = 1;
			remoteGlobalIDString = 631AF3CC2C4FC82C00DFD63C;
			remoteInfo = Vremeni;
		};
		631AF3ED2C4FC82E00DFD63C /* PBXContainerItemProxy */ = {
			isa = PBXContainerItemProxy;
			containerPortal = 631AF3C52C4FC82B00DFD63C /* Project object */;
			proxyType = 1;
			remoteGlobalIDString = 631AF3CC2C4FC82C00DFD63C;
			remoteInfo = Vremeni;
		};
/* End PBXContainerItemProxy section */

/* Begin PBXFileReference section */
		63194D1A2C63E01000CAA0AB /* InventoryGridViewCell.swift */ = {isa = PBXFileReference; lastKnownFileType = sourcecode.swift; path = InventoryGridViewCell.swift; sourceTree = "<group>"; };
		631A5FD82C5A548C002331F7 /* ConsumableItemDetails.swift */ = {isa = PBXFileReference; lastKnownFileType = sourcecode.swift; path = ConsumableItemDetails.swift; sourceTree = "<group>"; };
		631AF3CD2C4FC82C00DFD63C /* Vremeni.app */ = {isa = PBXFileReference; explicitFileType = wrapper.application; includeInIndex = 0; path = Vremeni.app; sourceTree = BUILT_PRODUCTS_DIR; };
		631AF3D02C4FC82C00DFD63C /* VremeniApp.swift */ = {isa = PBXFileReference; lastKnownFileType = sourcecode.swift; path = VremeniApp.swift; sourceTree = "<group>"; };
		631AF3D42C4FC82D00DFD63C /* Assets.xcassets */ = {isa = PBXFileReference; lastKnownFileType = folder.assetcatalog; path = Assets.xcassets; sourceTree = "<group>"; };
		631AF3D72C4FC82D00DFD63C /* Preview Assets.xcassets */ = {isa = PBXFileReference; lastKnownFileType = folder.assetcatalog; path = "Preview Assets.xcassets"; sourceTree = "<group>"; };
		631AF3E22C4FC82E00DFD63C /* VremeniTests.xctest */ = {isa = PBXFileReference; explicitFileType = wrapper.cfbundle; includeInIndex = 0; path = VremeniTests.xctest; sourceTree = BUILT_PRODUCTS_DIR; };
		631AF3E62C4FC82E00DFD63C /* VremeniTests.swift */ = {isa = PBXFileReference; lastKnownFileType = sourcecode.swift; path = VremeniTests.swift; sourceTree = "<group>"; };
		631AF3EC2C4FC82E00DFD63C /* VremeniUITests.xctest */ = {isa = PBXFileReference; explicitFileType = wrapper.cfbundle; includeInIndex = 0; path = VremeniUITests.xctest; sourceTree = BUILT_PRODUCTS_DIR; };
		631AF3F02C4FC82E00DFD63C /* VremeniUITests.swift */ = {isa = PBXFileReference; lastKnownFileType = sourcecode.swift; path = VremeniUITests.swift; sourceTree = "<group>"; };
		631AF3F22C4FC82E00DFD63C /* VremeniUITestsLaunchTests.swift */ = {isa = PBXFileReference; lastKnownFileType = sourcecode.swift; path = VremeniUITestsLaunchTests.swift; sourceTree = "<group>"; };
		631AF3FF2C4FD6E800DFD63C /* Info.plist */ = {isa = PBXFileReference; lastKnownFileType = text.plist.xml; path = Info.plist; sourceTree = "<group>"; };
		631AF4082C516EC100DFD63C /* FontExtension.swift */ = {isa = PBXFileReference; lastKnownFileType = sourcecode.swift; path = FontExtension.swift; sourceTree = "<group>"; };
		631AF40A2C516ECF00DFD63C /* ColorExtension.swift */ = {isa = PBXFileReference; lastKnownFileType = sourcecode.swift; path = ColorExtension.swift; sourceTree = "<group>"; };
		631AF40C2C516EDD00DFD63C /* ImageExtension.swift */ = {isa = PBXFileReference; lastKnownFileType = sourcecode.swift; path = ImageExtension.swift; sourceTree = "<group>"; };
		631AF40E2C516EF000DFD63C /* Lables.swift */ = {isa = PBXFileReference; lastKnownFileType = sourcecode.swift; path = Lables.swift; sourceTree = "<group>"; };
		631AF4102C516F0000DFD63C /* DateFormats.swift */ = {isa = PBXFileReference; lastKnownFileType = sourcecode.swift; path = DateFormats.swift; sourceTree = "<group>"; };
		631AF4122C5176BA00DFD63C /* ShopViewModel.swift */ = {isa = PBXFileReference; lastKnownFileType = sourcecode.swift; path = ShopViewModel.swift; sourceTree = "<group>"; };
		631AF4142C5176D400DFD63C /* ShopView.swift */ = {isa = PBXFileReference; lastKnownFileType = sourcecode.swift; path = ShopView.swift; sourceTree = "<group>"; };
		631AF4162C5176DE00DFD63C /* ConsumableItem.swift */ = {isa = PBXFileReference; lastKnownFileType = sourcecode.swift; path = ConsumableItem.swift; sourceTree = "<group>"; };
		631AF4182C517F7900DFD63C /* ShopItemGridCell.swift */ = {isa = PBXFileReference; lastKnownFileType = sourcecode.swift; path = ShopItemGridCell.swift; sourceTree = "<group>"; };
		631AF41E2C5250AF00DFD63C /* MachineView.swift */ = {isa = PBXFileReference; lastKnownFileType = sourcecode.swift; path = MachineView.swift; sourceTree = "<group>"; };
		631AF4202C5250BB00DFD63C /* InventoryView.swift */ = {isa = PBXFileReference; lastKnownFileType = sourcecode.swift; path = InventoryView.swift; sourceTree = "<group>"; };
		631AF4222C5250C400DFD63C /* ProfileView.swift */ = {isa = PBXFileReference; lastKnownFileType = sourcecode.swift; path = ProfileView.swift; sourceTree = "<group>"; };
		631AF4252C5256A300DFD63C /* MachineModel.swift */ = {isa = PBXFileReference; lastKnownFileType = sourcecode.swift; path = MachineModel.swift; sourceTree = "<group>"; };
		631AF4292C5256CF00DFD63C /* MachineViewModel.swift */ = {isa = PBXFileReference; lastKnownFileType = sourcecode.swift; path = MachineViewModel.swift; sourceTree = "<group>"; };
		631AF42B2C5259EC00DFD63C /* MachineViewGridCell.swift */ = {isa = PBXFileReference; lastKnownFileType = sourcecode.swift; path = MachineViewGridCell.swift; sourceTree = "<group>"; };
		631AF42F2C5273B300DFD63C /* ProgressBar.swift */ = {isa = PBXFileReference; lastKnownFileType = sourcecode.swift; path = ProgressBar.swift; sourceTree = "<group>"; };
		631F26532C656EDE00FEAD1A /* SectionHeader.swift */ = {isa = PBXFileReference; lastKnownFileType = sourcecode.swift; path = SectionHeader.swift; sourceTree = "<group>"; };
		631F26552C66185900FEAD1A /* RarityModel.swift */ = {isa = PBXFileReference; lastKnownFileType = sourcecode.swift; path = RarityModel.swift; sourceTree = "<group>"; };
		631F26572C66188300FEAD1A /* RuleModel.swift */ = {isa = PBXFileReference; lastKnownFileType = sourcecode.swift; path = RuleModel.swift; sourceTree = "<group>"; };
		631F26592C66556400FEAD1A /* InventoryStatsGridCell.swift */ = {isa = PBXFileReference; lastKnownFileType = sourcecode.swift; path = InventoryStatsGridCell.swift; sourceTree = "<group>"; };
		631F265B2C6665A600FEAD1A /* PlaceholderView.swift */ = {isa = PBXFileReference; lastKnownFileType = sourcecode.swift; path = PlaceholderView.swift; sourceTree = "<group>"; };
		631F265D2C66C05B00FEAD1A /* InventoryItemDetailsView.swift */ = {isa = PBXFileReference; lastKnownFileType = sourcecode.swift; path = InventoryItemDetailsView.swift; sourceTree = "<group>"; };
		631F26622C6800AC00FEAD1A /* ProfileModel.swift */ = {isa = PBXFileReference; lastKnownFileType = sourcecode.swift; path = ProfileModel.swift; sourceTree = "<group>"; };
		631F26642C68EE5400FEAD1A /* ProfileAboutView.swift */ = {isa = PBXFileReference; lastKnownFileType = sourcecode.swift; path = ProfileAboutView.swift; sourceTree = "<group>"; };
		631F26662C68FACF00FEAD1A /* LinkRow.swift */ = {isa = PBXFileReference; lastKnownFileType = sourcecode.swift; path = LinkRow.swift; sourceTree = "<group>"; };
		6324BA402C6A283400A2610A /* ArchiveView.swift */ = {isa = PBXFileReference; lastKnownFileType = sourcecode.swift; path = ArchiveView.swift; sourceTree = "<group>"; };
		6324BA432C6A2D5900A2610A /* ArchiveGridCell.swift */ = {isa = PBXFileReference; lastKnownFileType = sourcecode.swift; path = ArchiveGridCell.swift; sourceTree = "<group>"; };
		6373291A2C5C1E9600D7A719 /* ShopItemGridCellLocked.swift */ = {isa = PBXFileReference; lastKnownFileType = sourcecode.swift; path = ShopItemGridCellLocked.swift; sourceTree = "<group>"; };
		638620A82C5D4F1F00453944 /* EmptyMachineViewGridCell.swift */ = {isa = PBXFileReference; lastKnownFileType = sourcecode.swift; path = EmptyMachineViewGridCell.swift; sourceTree = "<group>"; };
		638620AA2C5D566400453944 /* NewSlotMachineViewGridCell.swift */ = {isa = PBXFileReference; lastKnownFileType = sourcecode.swift; path = NewSlotMachineViewGridCell.swift; sourceTree = "<group>"; };
		638620AC2C5D7D0300453944 /* QueueMachineViewGridCell.swift */ = {isa = PBXFileReference; lastKnownFileType = sourcecode.swift; path = QueueMachineViewGridCell.swift; sourceTree = "<group>"; };
		638620AE2C602B1C00453944 /* MachineAddItemsView.swift */ = {isa = PBXFileReference; lastKnownFileType = sourcecode.swift; path = MachineAddItemsView.swift; sourceTree = "<group>"; };
		638620B22C60314F00453944 /* ItemListRow.swift */ = {isa = PBXFileReference; lastKnownFileType = sourcecode.swift; path = ItemListRow.swift; sourceTree = "<group>"; };
		638620B42C60D11B00453944 /* MachineItemDetailsView.swift */ = {isa = PBXFileReference; lastKnownFileType = sourcecode.swift; path = MachineItemDetailsView.swift; sourceTree = "<group>"; };
		6395B7602C5A5FBD00C0C611 /* ParameterRow.swift */ = {isa = PBXFileReference; lastKnownFileType = sourcecode.swift; path = ParameterRow.swift; sourceTree = "<group>"; };
		6395B7622C5A63D900C0C611 /* TotalPrice.swift */ = {isa = PBXFileReference; lastKnownFileType = sourcecode.swift; path = TotalPrice.swift; sourceTree = "<group>"; };
		6395B7662C5A75E500C0C611 /* ProfileViewModel.swift */ = {isa = PBXFileReference; lastKnownFileType = sourcecode.swift; path = ProfileViewModel.swift; sourceTree = "<group>"; };
		639C76372C5952E900C1CEB8 /* ConsumableItemCreate.swift */ = {isa = PBXFileReference; lastKnownFileType = sourcecode.swift; path = ConsumableItemCreate.swift; sourceTree = "<group>"; };
		63FD7DDF2C57F9EE008487DD /* InventoryModel.swift */ = {isa = PBXFileReference; lastKnownFileType = sourcecode.swift; path = InventoryModel.swift; sourceTree = "<group>"; };
		63FD7DE12C57FA12008487DD /* InventoryViewModel.swift */ = {isa = PBXFileReference; lastKnownFileType = sourcecode.swift; path = InventoryViewModel.swift; sourceTree = "<group>"; };
/* End PBXFileReference section */

/* Begin PBXFrameworksBuildPhase section */
		631AF3CA2C4FC82C00DFD63C /* Frameworks */ = {
			isa = PBXFrameworksBuildPhase;
			buildActionMask = 2147483647;
			files = (
			);
			runOnlyForDeploymentPostprocessing = 0;
		};
		631AF3DF2C4FC82E00DFD63C /* Frameworks */ = {
			isa = PBXFrameworksBuildPhase;
			buildActionMask = 2147483647;
			files = (
			);
			runOnlyForDeploymentPostprocessing = 0;
		};
		631AF3E92C4FC82E00DFD63C /* Frameworks */ = {
			isa = PBXFrameworksBuildPhase;
			buildActionMask = 2147483647;
			files = (
			);
			runOnlyForDeploymentPostprocessing = 0;
		};
/* End PBXFrameworksBuildPhase section */

/* Begin PBXGroup section */
		631AF3C42C4FC82B00DFD63C = {
			isa = PBXGroup;
			children = (
				631AF3CF2C4FC82C00DFD63C /* Vremeni */,
				631AF3E52C4FC82E00DFD63C /* VremeniTests */,
				631AF3EF2C4FC82E00DFD63C /* VremeniUITests */,
				631AF3CE2C4FC82C00DFD63C /* Products */,
			);
			sourceTree = "<group>";
		};
		631AF3CE2C4FC82C00DFD63C /* Products */ = {
			isa = PBXGroup;
			children = (
				631AF3CD2C4FC82C00DFD63C /* Vremeni.app */,
				631AF3E22C4FC82E00DFD63C /* VremeniTests.xctest */,
				631AF3EC2C4FC82E00DFD63C /* VremeniUITests.xctest */,
			);
			name = Products;
			sourceTree = "<group>";
		};
		631AF3CF2C4FC82C00DFD63C /* Vremeni */ = {
			isa = PBXGroup;
			children = (
				631AF4002C516CDC00DFD63C /* Application */,
				631AF4012C516CE800DFD63C /* ShopModule */,
				631AF41B2C52504C00DFD63C /* MachineModule */,
				631AF41C2C52507400DFD63C /* InventoryModule */,
				631AF41D2C52509000DFD63C /* ProfileModule */,
				6395B75F2C5A5FA000C0C611 /* CommonElements */,
				631AF4072C516E7E00DFD63C /* Extensions */,
				631AF4062C516E4100DFD63C /* SupportFiles */,
				631AF3D62C4FC82D00DFD63C /* Preview Content */,
				631AF3FF2C4FD6E800DFD63C /* Info.plist */,
			);
			path = Vremeni;
			sourceTree = "<group>";
		};
		631AF3D62C4FC82D00DFD63C /* Preview Content */ = {
			isa = PBXGroup;
			children = (
				631AF3D72C4FC82D00DFD63C /* Preview Assets.xcassets */,
			);
			path = "Preview Content";
			sourceTree = "<group>";
		};
		631AF3E52C4FC82E00DFD63C /* VremeniTests */ = {
			isa = PBXGroup;
			children = (
				631AF3E62C4FC82E00DFD63C /* VremeniTests.swift */,
			);
			path = VremeniTests;
			sourceTree = "<group>";
		};
		631AF3EF2C4FC82E00DFD63C /* VremeniUITests */ = {
			isa = PBXGroup;
			children = (
				631AF3F02C4FC82E00DFD63C /* VremeniUITests.swift */,
				631AF3F22C4FC82E00DFD63C /* VremeniUITestsLaunchTests.swift */,
			);
			path = VremeniUITests;
			sourceTree = "<group>";
		};
		631AF4002C516CDC00DFD63C /* Application */ = {
			isa = PBXGroup;
			children = (
				631AF3D02C4FC82C00DFD63C /* VremeniApp.swift */,
			);
			path = Application;
			sourceTree = "<group>";
		};
		631AF4012C516CE800DFD63C /* ShopModule */ = {
			isa = PBXGroup;
			children = (
				631AF4022C516D0100DFD63C /* Model */,
				631AF4042C516D1000DFD63C /* View */,
				631AF4032C516D0800DFD63C /* ViewModel */,
			);
			path = ShopModule;
			sourceTree = "<group>";
		};
		631AF4022C516D0100DFD63C /* Model */ = {
			isa = PBXGroup;
			children = (
				631AF4162C5176DE00DFD63C /* ConsumableItem.swift */,
				631F26572C66188300FEAD1A /* RuleModel.swift */,
				631F26552C66185900FEAD1A /* RarityModel.swift */,
			);
			path = Model;
			sourceTree = "<group>";
		};
		631AF4032C516D0800DFD63C /* ViewModel */ = {
			isa = PBXGroup;
			children = (
				631AF4122C5176BA00DFD63C /* ShopViewModel.swift */,
			);
			path = ViewModel;
			sourceTree = "<group>";
		};
		631AF4042C516D1000DFD63C /* View */ = {
			isa = PBXGroup;
			children = (
				631AF4142C5176D400DFD63C /* ShopView.swift */,
				631F265F2C67B39F00FEAD1A /* GridCells */,
				631F26602C67B3F700FEAD1A /* SheetViews */,
			);
			path = View;
			sourceTree = "<group>";
		};
		631AF4062C516E4100DFD63C /* SupportFiles */ = {
			isa = PBXGroup;
			children = (
				631AF3D42C4FC82D00DFD63C /* Assets.xcassets */,
			);
			path = SupportFiles;
			sourceTree = "<group>";
		};
		631AF4072C516E7E00DFD63C /* Extensions */ = {
			isa = PBXGroup;
			children = (
				631AF4082C516EC100DFD63C /* FontExtension.swift */,
				631AF40A2C516ECF00DFD63C /* ColorExtension.swift */,
				631AF40C2C516EDD00DFD63C /* ImageExtension.swift */,
				631AF40E2C516EF000DFD63C /* Lables.swift */,
				631AF4102C516F0000DFD63C /* DateFormats.swift */,
			);
			path = Extensions;
			sourceTree = "<group>";
		};
		631AF41B2C52504C00DFD63C /* MachineModule */ = {
			isa = PBXGroup;
			children = (
				631AF4242C52569800DFD63C /* Model */,
				631AF4272C5256A900DFD63C /* View */,
				631AF4282C5256B100DFD63C /* ViewModel */,
			);
			path = MachineModule;
			sourceTree = "<group>";
		};
		631AF41C2C52507400DFD63C /* InventoryModule */ = {
			isa = PBXGroup;
			children = (
				63FD7DDC2C57F9B8008487DD /* Model */,
				63FD7DDD2C57F9C1008487DD /* View */,
				63FD7DDE2C57F9C5008487DD /* ViewModel */,
			);
			path = InventoryModule;
			sourceTree = "<group>";
		};
		631AF41D2C52509000DFD63C /* ProfileModule */ = {
			isa = PBXGroup;
			children = (
				631F26612C68009000FEAD1A /* Model */,
				6395B7642C5A75BF00C0C611 /* View */,
				6395B7652C5A75C700C0C611 /* ViewModel */,
			);
			path = ProfileModule;
			sourceTree = "<group>";
		};
		631AF4242C52569800DFD63C /* Model */ = {
			isa = PBXGroup;
			children = (
				631AF4252C5256A300DFD63C /* MachineModel.swift */,
			);
			path = Model;
			sourceTree = "<group>";
		};
		631AF4272C5256A900DFD63C /* View */ = {
			isa = PBXGroup;
			children = (
				631AF41E2C5250AF00DFD63C /* MachineView.swift */,
				638620AE2C602B1C00453944 /* MachineAddItemsView.swift */,
				638620B42C60D11B00453944 /* MachineItemDetailsView.swift */,
				638620A72C5D4ECD00453944 /* VGridCells */,
			);
			path = View;
			sourceTree = "<group>";
		};
		631AF4282C5256B100DFD63C /* ViewModel */ = {
			isa = PBXGroup;
			children = (
				631AF4292C5256CF00DFD63C /* MachineViewModel.swift */,
			);
			path = ViewModel;
			sourceTree = "<group>";
		};
		631F265F2C67B39F00FEAD1A /* GridCells */ = {
			isa = PBXGroup;
			children = (
				631AF4182C517F7900DFD63C /* ShopItemGridCell.swift */,
				6373291A2C5C1E9600D7A719 /* ShopItemGridCellLocked.swift */,
			);
			path = GridCells;
			sourceTree = "<group>";
		};
		631F26602C67B3F700FEAD1A /* SheetViews */ = {
			isa = PBXGroup;
			children = (
				639C76372C5952E900C1CEB8 /* ConsumableItemCreate.swift */,
				631A5FD82C5A548C002331F7 /* ConsumableItemDetails.swift */,
			);
			path = SheetViews;
			sourceTree = "<group>";
		};
		631F26612C68009000FEAD1A /* Model */ = {
			isa = PBXGroup;
			children = (
				631F26622C6800AC00FEAD1A /* ProfileModel.swift */,
			);
			path = Model;
			sourceTree = "<group>";
		};
		6324BA3F2C6A272A00A2610A /* NavigationPages */ = {
			isa = PBXGroup;
			children = (
				631F26642C68EE5400FEAD1A /* ProfileAboutView.swift */,
				6324BA402C6A283400A2610A /* ArchiveView.swift */,
			);
			path = NavigationPages;
			sourceTree = "<group>";
		};
		6324BA422C6A2D3D00A2610A /* SupportViews */ = {
			isa = PBXGroup;
			children = (
				6324BA432C6A2D5900A2610A /* ArchiveGridCell.swift */,
			);
			path = SupportViews;
			sourceTree = "<group>";
		};
		638620A72C5D4ECD00453944 /* VGridCells */ = {
			isa = PBXGroup;
			children = (
				631AF42B2C5259EC00DFD63C /* MachineViewGridCell.swift */,
				638620AC2C5D7D0300453944 /* QueueMachineViewGridCell.swift */,
				638620A82C5D4F1F00453944 /* EmptyMachineViewGridCell.swift */,
				638620AA2C5D566400453944 /* NewSlotMachineViewGridCell.swift */,
			);
			path = VGridCells;
			sourceTree = "<group>";
		};
		6395B75F2C5A5FA000C0C611 /* CommonElements */ = {
			isa = PBXGroup;
			children = (
				6395B7602C5A5FBD00C0C611 /* ParameterRow.swift */,
				638620B22C60314F00453944 /* ItemListRow.swift */,
				631F26662C68FACF00FEAD1A /* LinkRow.swift */,
				631AF42F2C5273B300DFD63C /* ProgressBar.swift */,
				631F26532C656EDE00FEAD1A /* SectionHeader.swift */,
				6395B7622C5A63D900C0C611 /* TotalPrice.swift */,
				631F265B2C6665A600FEAD1A /* PlaceholderView.swift */,
			);
			path = CommonElements;
			sourceTree = "<group>";
		};
		6395B7642C5A75BF00C0C611 /* View */ = {
			isa = PBXGroup;
			children = (
				631AF4222C5250C400DFD63C /* ProfileView.swift */,
				6324BA3F2C6A272A00A2610A /* NavigationPages */,
				6324BA422C6A2D3D00A2610A /* SupportViews */,
			);
			path = View;
			sourceTree = "<group>";
		};
		6395B7652C5A75C700C0C611 /* ViewModel */ = {
			isa = PBXGroup;
			children = (
				6395B7662C5A75E500C0C611 /* ProfileViewModel.swift */,
			);
			path = ViewModel;
			sourceTree = "<group>";
		};
		63FD7DDC2C57F9B8008487DD /* Model */ = {
			isa = PBXGroup;
			children = (
				63FD7DDF2C57F9EE008487DD /* InventoryModel.swift */,
			);
			path = Model;
			sourceTree = "<group>";
		};
		63FD7DDD2C57F9C1008487DD /* View */ = {
			isa = PBXGroup;
			children = (
				631AF4202C5250BB00DFD63C /* InventoryView.swift */,
				63194D1A2C63E01000CAA0AB /* InventoryGridViewCell.swift */,
				631F26592C66556400FEAD1A /* InventoryStatsGridCell.swift */,
				631F265D2C66C05B00FEAD1A /* InventoryItemDetailsView.swift */,
			);
			path = View;
			sourceTree = "<group>";
		};
		63FD7DDE2C57F9C5008487DD /* ViewModel */ = {
			isa = PBXGroup;
			children = (
				63FD7DE12C57FA12008487DD /* InventoryViewModel.swift */,
			);
			path = ViewModel;
			sourceTree = "<group>";
		};
/* End PBXGroup section */

/* Begin PBXNativeTarget section */
		631AF3CC2C4FC82C00DFD63C /* Vremeni */ = {
			isa = PBXNativeTarget;
			buildConfigurationList = 631AF3F62C4FC82E00DFD63C /* Build configuration list for PBXNativeTarget "Vremeni" */;
			buildPhases = (
				631AF3C92C4FC82C00DFD63C /* Sources */,
				631AF3CA2C4FC82C00DFD63C /* Frameworks */,
				631AF3CB2C4FC82C00DFD63C /* Resources */,
			);
			buildRules = (
			);
			dependencies = (
			);
			name = Vremeni;
			productName = Vremeni;
			productReference = 631AF3CD2C4FC82C00DFD63C /* Vremeni.app */;
			productType = "com.apple.product-type.application";
		};
		631AF3E12C4FC82E00DFD63C /* VremeniTests */ = {
			isa = PBXNativeTarget;
			buildConfigurationList = 631AF3F92C4FC82E00DFD63C /* Build configuration list for PBXNativeTarget "VremeniTests" */;
			buildPhases = (
				631AF3DE2C4FC82E00DFD63C /* Sources */,
				631AF3DF2C4FC82E00DFD63C /* Frameworks */,
				631AF3E02C4FC82E00DFD63C /* Resources */,
			);
			buildRules = (
			);
			dependencies = (
				631AF3E42C4FC82E00DFD63C /* PBXTargetDependency */,
			);
			name = VremeniTests;
			productName = VremeniTests;
			productReference = 631AF3E22C4FC82E00DFD63C /* VremeniTests.xctest */;
			productType = "com.apple.product-type.bundle.unit-test";
		};
		631AF3EB2C4FC82E00DFD63C /* VremeniUITests */ = {
			isa = PBXNativeTarget;
			buildConfigurationList = 631AF3FC2C4FC82E00DFD63C /* Build configuration list for PBXNativeTarget "VremeniUITests" */;
			buildPhases = (
				631AF3E82C4FC82E00DFD63C /* Sources */,
				631AF3E92C4FC82E00DFD63C /* Frameworks */,
				631AF3EA2C4FC82E00DFD63C /* Resources */,
			);
			buildRules = (
			);
			dependencies = (
				631AF3EE2C4FC82E00DFD63C /* PBXTargetDependency */,
			);
			name = VremeniUITests;
			productName = VremeniUITests;
			productReference = 631AF3EC2C4FC82E00DFD63C /* VremeniUITests.xctest */;
			productType = "com.apple.product-type.bundle.ui-testing";
		};
/* End PBXNativeTarget section */

/* Begin PBXProject section */
		631AF3C52C4FC82B00DFD63C /* Project object */ = {
			isa = PBXProject;
			attributes = {
				BuildIndependentTargetsInParallel = 1;
				LastSwiftUpdateCheck = 1540;
				LastUpgradeCheck = 1600;
				TargetAttributes = {
					631AF3CC2C4FC82C00DFD63C = {
						CreatedOnToolsVersion = 15.4;
					};
					631AF3E12C4FC82E00DFD63C = {
						CreatedOnToolsVersion = 15.4;
						TestTargetID = 631AF3CC2C4FC82C00DFD63C;
					};
					631AF3EB2C4FC82E00DFD63C = {
						CreatedOnToolsVersion = 15.4;
						TestTargetID = 631AF3CC2C4FC82C00DFD63C;
					};
				};
			};
			buildConfigurationList = 631AF3C82C4FC82B00DFD63C /* Build configuration list for PBXProject "Vremeni" */;
			compatibilityVersion = "Xcode 14.0";
			developmentRegion = en;
			hasScannedForEncodings = 0;
			knownRegions = (
				en,
				Base,
			);
			mainGroup = 631AF3C42C4FC82B00DFD63C;
			productRefGroup = 631AF3CE2C4FC82C00DFD63C /* Products */;
			projectDirPath = "";
			projectRoot = "";
			targets = (
				631AF3CC2C4FC82C00DFD63C /* Vremeni */,
				631AF3E12C4FC82E00DFD63C /* VremeniTests */,
				631AF3EB2C4FC82E00DFD63C /* VremeniUITests */,
			);
		};
/* End PBXProject section */

/* Begin PBXResourcesBuildPhase section */
		631AF3CB2C4FC82C00DFD63C /* Resources */ = {
			isa = PBXResourcesBuildPhase;
			buildActionMask = 2147483647;
			files = (
				631AF3D82C4FC82D00DFD63C /* Preview Assets.xcassets in Resources */,
				631AF3D52C4FC82D00DFD63C /* Assets.xcassets in Resources */,
			);
			runOnlyForDeploymentPostprocessing = 0;
		};
		631AF3E02C4FC82E00DFD63C /* Resources */ = {
			isa = PBXResourcesBuildPhase;
			buildActionMask = 2147483647;
			files = (
			);
			runOnlyForDeploymentPostprocessing = 0;
		};
		631AF3EA2C4FC82E00DFD63C /* Resources */ = {
			isa = PBXResourcesBuildPhase;
			buildActionMask = 2147483647;
			files = (
			);
			runOnlyForDeploymentPostprocessing = 0;
		};
/* End PBXResourcesBuildPhase section */

/* Begin PBXSourcesBuildPhase section */
		631AF3C92C4FC82C00DFD63C /* Sources */ = {
			isa = PBXSourcesBuildPhase;
			buildActionMask = 2147483647;
			files = (
				631F26632C6800AC00FEAD1A /* ProfileModel.swift in Sources */,
				631AF41F2C5250AF00DFD63C /* MachineView.swift in Sources */,
				631AF4112C516F0000DFD63C /* DateFormats.swift in Sources */,
				63FD7DE02C57F9EE008487DD /* InventoryModel.swift in Sources */,
				631AF42A2C5256CF00DFD63C /* MachineViewModel.swift in Sources */,
				638620A92C5D4F1F00453944 /* EmptyMachineViewGridCell.swift in Sources */,
				63194D1B2C63E01000CAA0AB /* InventoryGridViewCell.swift in Sources */,
				6324BA412C6A283400A2610A /* ArchiveView.swift in Sources */,
				631AF4092C516EC100DFD63C /* FontExtension.swift in Sources */,
				631A5FD92C5A548C002331F7 /* ConsumableItemDetails.swift in Sources */,
				631F26542C656EDE00FEAD1A /* SectionHeader.swift in Sources */,
				631F26672C68FACF00FEAD1A /* LinkRow.swift in Sources */,
				638620AB2C5D566400453944 /* NewSlotMachineViewGridCell.swift in Sources */,
				6395B7672C5A75E500C0C611 /* ProfileViewModel.swift in Sources */,
				638620AF2C602B1C00453944 /* MachineAddItemsView.swift in Sources */,
				6324BA442C6A2D5900A2610A /* ArchiveGridCell.swift in Sources */,
				63FD7DE22C57FA12008487DD /* InventoryViewModel.swift in Sources */,
				6395B7632C5A63D900C0C611 /* TotalPrice.swift in Sources */,
				631AF40F2C516EF000DFD63C /* Lables.swift in Sources */,
				638620B32C60314F00453944 /* ItemListRow.swift in Sources */,
				6395B7612C5A5FBD00C0C611 /* ParameterRow.swift in Sources */,
				631AF4192C517F7900DFD63C /* ShopItemGridCell.swift in Sources */,
				631AF4212C5250BB00DFD63C /* InventoryView.swift in Sources */,
				638620B52C60D11B00453944 /* MachineItemDetailsView.swift in Sources */,
				631F26562C66185900FEAD1A /* RarityModel.swift in Sources */,
				639C76382C5952E900C1CEB8 /* ConsumableItemCreate.swift in Sources */,
				631F265A2C66556400FEAD1A /* InventoryStatsGridCell.swift in Sources */,
				631F26652C68EE5400FEAD1A /* ProfileAboutView.swift in Sources */,
				631F265C2C6665A600FEAD1A /* PlaceholderView.swift in Sources */,
				631AF4132C5176BA00DFD63C /* ShopViewModel.swift in Sources */,
				631AF42C2C5259EC00DFD63C /* MachineViewGridCell.swift in Sources */,
				631F26582C66188300FEAD1A /* RuleModel.swift in Sources */,
				631F265E2C66C05B00FEAD1A /* InventoryItemDetailsView.swift in Sources */,
				631AF4232C5250C400DFD63C /* ProfileView.swift in Sources */,
				631AF4172C5176DE00DFD63C /* ConsumableItem.swift in Sources */,
				638620AD2C5D7D0300453944 /* QueueMachineViewGridCell.swift in Sources */,
				631AF40D2C516EDD00DFD63C /* ImageExtension.swift in Sources */,
				6373291B2C5C1E9600D7A719 /* ShopItemGridCellLocked.swift in Sources */,
				631AF40B2C516ECF00DFD63C /* ColorExtension.swift in Sources */,
				631AF4262C5256A300DFD63C /* MachineModel.swift in Sources */,
				631AF4152C5176D400DFD63C /* ShopView.swift in Sources */,
				631AF4302C5273B300DFD63C /* ProgressBar.swift in Sources */,
				631AF3D12C4FC82C00DFD63C /* VremeniApp.swift in Sources */,
			);
			runOnlyForDeploymentPostprocessing = 0;
		};
		631AF3DE2C4FC82E00DFD63C /* Sources */ = {
			isa = PBXSourcesBuildPhase;
			buildActionMask = 2147483647;
			files = (
				631AF3E72C4FC82E00DFD63C /* VremeniTests.swift in Sources */,
			);
			runOnlyForDeploymentPostprocessing = 0;
		};
		631AF3E82C4FC82E00DFD63C /* Sources */ = {
			isa = PBXSourcesBuildPhase;
			buildActionMask = 2147483647;
			files = (
				631AF3F12C4FC82E00DFD63C /* VremeniUITests.swift in Sources */,
				631AF3F32C4FC82E00DFD63C /* VremeniUITestsLaunchTests.swift in Sources */,
			);
			runOnlyForDeploymentPostprocessing = 0;
		};
/* End PBXSourcesBuildPhase section */

/* Begin PBXTargetDependency section */
		631AF3E42C4FC82E00DFD63C /* PBXTargetDependency */ = {
			isa = PBXTargetDependency;
			target = 631AF3CC2C4FC82C00DFD63C /* Vremeni */;
			targetProxy = 631AF3E32C4FC82E00DFD63C /* PBXContainerItemProxy */;
		};
		631AF3EE2C4FC82E00DFD63C /* PBXTargetDependency */ = {
			isa = PBXTargetDependency;
			target = 631AF3CC2C4FC82C00DFD63C /* Vremeni */;
			targetProxy = 631AF3ED2C4FC82E00DFD63C /* PBXContainerItemProxy */;
		};
/* End PBXTargetDependency section */

/* Begin XCBuildConfiguration section */
		631AF3F42C4FC82E00DFD63C /* Debug */ = {
			isa = XCBuildConfiguration;
			buildSettings = {
				ALWAYS_SEARCH_USER_PATHS = NO;
				ASSETCATALOG_COMPILER_GENERATE_SWIFT_ASSET_SYMBOL_EXTENSIONS = YES;
				CLANG_ANALYZER_NONNULL = YES;
				CLANG_ANALYZER_NUMBER_OBJECT_CONVERSION = YES_AGGRESSIVE;
				CLANG_CXX_LANGUAGE_STANDARD = "gnu++20";
				CLANG_ENABLE_MODULES = YES;
				CLANG_ENABLE_OBJC_ARC = YES;
				CLANG_ENABLE_OBJC_WEAK = YES;
				CLANG_WARN_BLOCK_CAPTURE_AUTORELEASING = YES;
				CLANG_WARN_BOOL_CONVERSION = YES;
				CLANG_WARN_COMMA = YES;
				CLANG_WARN_CONSTANT_CONVERSION = YES;
				CLANG_WARN_DEPRECATED_OBJC_IMPLEMENTATIONS = YES;
				CLANG_WARN_DIRECT_OBJC_ISA_USAGE = YES_ERROR;
				CLANG_WARN_DOCUMENTATION_COMMENTS = YES;
				CLANG_WARN_EMPTY_BODY = YES;
				CLANG_WARN_ENUM_CONVERSION = YES;
				CLANG_WARN_INFINITE_RECURSION = YES;
				CLANG_WARN_INT_CONVERSION = YES;
				CLANG_WARN_NON_LITERAL_NULL_CONVERSION = YES;
				CLANG_WARN_OBJC_IMPLICIT_RETAIN_SELF = YES;
				CLANG_WARN_OBJC_LITERAL_CONVERSION = YES;
				CLANG_WARN_OBJC_ROOT_CLASS = YES_ERROR;
				CLANG_WARN_QUOTED_INCLUDE_IN_FRAMEWORK_HEADER = YES;
				CLANG_WARN_RANGE_LOOP_ANALYSIS = YES;
				CLANG_WARN_STRICT_PROTOTYPES = YES;
				CLANG_WARN_SUSPICIOUS_MOVE = YES;
				CLANG_WARN_UNGUARDED_AVAILABILITY = YES_AGGRESSIVE;
				CLANG_WARN_UNREACHABLE_CODE = YES;
				CLANG_WARN__DUPLICATE_METHOD_MATCH = YES;
				COPY_PHASE_STRIP = NO;
				DEBUG_INFORMATION_FORMAT = dwarf;
				ENABLE_STRICT_OBJC_MSGSEND = YES;
				ENABLE_TESTABILITY = YES;
				ENABLE_USER_SCRIPT_SANDBOXING = YES;
				GCC_C_LANGUAGE_STANDARD = gnu17;
				GCC_DYNAMIC_NO_PIC = NO;
				GCC_NO_COMMON_BLOCKS = YES;
				GCC_OPTIMIZATION_LEVEL = 0;
				GCC_PREPROCESSOR_DEFINITIONS = (
					"DEBUG=1",
					"$(inherited)",
				);
				GCC_WARN_64_TO_32_BIT_CONVERSION = YES;
				GCC_WARN_ABOUT_RETURN_TYPE = YES_ERROR;
				GCC_WARN_UNDECLARED_SELECTOR = YES;
				GCC_WARN_UNINITIALIZED_AUTOS = YES_AGGRESSIVE;
				GCC_WARN_UNUSED_FUNCTION = YES;
				GCC_WARN_UNUSED_VARIABLE = YES;
				IPHONEOS_DEPLOYMENT_TARGET = 17.0;
				LOCALIZATION_PREFERS_STRING_CATALOGS = YES;
				MTL_ENABLE_DEBUG_INFO = INCLUDE_SOURCE;
				MTL_FAST_MATH = YES;
				ONLY_ACTIVE_ARCH = YES;
				SDKROOT = iphoneos;
				SWIFT_ACTIVE_COMPILATION_CONDITIONS = "DEBUG $(inherited)";
				SWIFT_OPTIMIZATION_LEVEL = "-Onone";
			};
			name = Debug;
		};
		631AF3F52C4FC82E00DFD63C /* Release */ = {
			isa = XCBuildConfiguration;
			buildSettings = {
				ALWAYS_SEARCH_USER_PATHS = NO;
				ASSETCATALOG_COMPILER_GENERATE_SWIFT_ASSET_SYMBOL_EXTENSIONS = YES;
				CLANG_ANALYZER_NONNULL = YES;
				CLANG_ANALYZER_NUMBER_OBJECT_CONVERSION = YES_AGGRESSIVE;
				CLANG_CXX_LANGUAGE_STANDARD = "gnu++20";
				CLANG_ENABLE_MODULES = YES;
				CLANG_ENABLE_OBJC_ARC = YES;
				CLANG_ENABLE_OBJC_WEAK = YES;
				CLANG_WARN_BLOCK_CAPTURE_AUTORELEASING = YES;
				CLANG_WARN_BOOL_CONVERSION = YES;
				CLANG_WARN_COMMA = YES;
				CLANG_WARN_CONSTANT_CONVERSION = YES;
				CLANG_WARN_DEPRECATED_OBJC_IMPLEMENTATIONS = YES;
				CLANG_WARN_DIRECT_OBJC_ISA_USAGE = YES_ERROR;
				CLANG_WARN_DOCUMENTATION_COMMENTS = YES;
				CLANG_WARN_EMPTY_BODY = YES;
				CLANG_WARN_ENUM_CONVERSION = YES;
				CLANG_WARN_INFINITE_RECURSION = YES;
				CLANG_WARN_INT_CONVERSION = YES;
				CLANG_WARN_NON_LITERAL_NULL_CONVERSION = YES;
				CLANG_WARN_OBJC_IMPLICIT_RETAIN_SELF = YES;
				CLANG_WARN_OBJC_LITERAL_CONVERSION = YES;
				CLANG_WARN_OBJC_ROOT_CLASS = YES_ERROR;
				CLANG_WARN_QUOTED_INCLUDE_IN_FRAMEWORK_HEADER = YES;
				CLANG_WARN_RANGE_LOOP_ANALYSIS = YES;
				CLANG_WARN_STRICT_PROTOTYPES = YES;
				CLANG_WARN_SUSPICIOUS_MOVE = YES;
				CLANG_WARN_UNGUARDED_AVAILABILITY = YES_AGGRESSIVE;
				CLANG_WARN_UNREACHABLE_CODE = YES;
				CLANG_WARN__DUPLICATE_METHOD_MATCH = YES;
				COPY_PHASE_STRIP = NO;
				DEBUG_INFORMATION_FORMAT = "dwarf-with-dsym";
				ENABLE_NS_ASSERTIONS = NO;
				ENABLE_STRICT_OBJC_MSGSEND = YES;
				ENABLE_USER_SCRIPT_SANDBOXING = YES;
				GCC_C_LANGUAGE_STANDARD = gnu17;
				GCC_NO_COMMON_BLOCKS = YES;
				GCC_WARN_64_TO_32_BIT_CONVERSION = YES;
				GCC_WARN_ABOUT_RETURN_TYPE = YES_ERROR;
				GCC_WARN_UNDECLARED_SELECTOR = YES;
				GCC_WARN_UNINITIALIZED_AUTOS = YES_AGGRESSIVE;
				GCC_WARN_UNUSED_FUNCTION = YES;
				GCC_WARN_UNUSED_VARIABLE = YES;
				IPHONEOS_DEPLOYMENT_TARGET = 17.0;
				LOCALIZATION_PREFERS_STRING_CATALOGS = YES;
				MTL_ENABLE_DEBUG_INFO = NO;
				MTL_FAST_MATH = YES;
				SDKROOT = iphoneos;
				SWIFT_COMPILATION_MODE = wholemodule;
				VALIDATE_PRODUCT = YES;
			};
			name = Release;
		};
		631AF3F72C4FC82E00DFD63C /* Debug */ = {
			isa = XCBuildConfiguration;
			buildSettings = {
				ASSETCATALOG_COMPILER_APPICON_NAME = AppIcon;
				ASSETCATALOG_COMPILER_GLOBAL_ACCENT_COLOR_NAME = AccentColor;
				CODE_SIGN_STYLE = Automatic;
				CURRENT_PROJECT_VERSION = 1;
				DEVELOPMENT_ASSET_PATHS = "\"Vremeni/Preview Content\"";
				DEVELOPMENT_TEAM = ZFH6DW7S4P;
				ENABLE_PREVIEWS = YES;
				GENERATE_INFOPLIST_FILE = YES;
				INFOPLIST_FILE = Vremeni/Info.plist;
				INFOPLIST_KEY_UIApplicationSceneManifest_Generation = YES;
				INFOPLIST_KEY_UIApplicationSupportsIndirectInputEvents = YES;
				INFOPLIST_KEY_UILaunchScreen_Generation = YES;
				INFOPLIST_KEY_UISupportedInterfaceOrientations = UIInterfaceOrientationPortrait;
				INFOPLIST_KEY_UISupportedInterfaceOrientations_iPad = "UIInterfaceOrientationLandscapeLeft UIInterfaceOrientationLandscapeRight UIInterfaceOrientationPortrait UIInterfaceOrientationPortraitUpsideDown";
				IPHONEOS_DEPLOYMENT_TARGET = 17.0;
				LD_RUNPATH_SEARCH_PATHS = (
					"$(inherited)",
					"@executable_path/Frameworks",
				);
				MARKETING_VERSION = 0.4.1;
				PRODUCT_BUNDLE_IDENTIFIER = com.remby.Vremeni;
				PRODUCT_NAME = "$(TARGET_NAME)";
				SUPPORTED_PLATFORMS = "iphoneos iphonesimulator";
				SUPPORTS_MACCATALYST = NO;
				SUPPORTS_MAC_DESIGNED_FOR_IPHONE_IPAD = NO;
				SUPPORTS_XR_DESIGNED_FOR_IPHONE_IPAD = NO;
				SWIFT_EMIT_LOC_STRINGS = YES;
				SWIFT_VERSION = 5.0;
				TARGETED_DEVICE_FAMILY = 1;
			};
			name = Debug;
		};
		631AF3F82C4FC82E00DFD63C /* Release */ = {
			isa = XCBuildConfiguration;
			buildSettings = {
				ASSETCATALOG_COMPILER_APPICON_NAME = AppIcon;
				ASSETCATALOG_COMPILER_GLOBAL_ACCENT_COLOR_NAME = AccentColor;
				CODE_SIGN_STYLE = Automatic;
				CURRENT_PROJECT_VERSION = 1;
				DEVELOPMENT_ASSET_PATHS = "\"Vremeni/Preview Content\"";
				DEVELOPMENT_TEAM = ZFH6DW7S4P;
				ENABLE_PREVIEWS = YES;
				GENERATE_INFOPLIST_FILE = YES;
				INFOPLIST_FILE = Vremeni/Info.plist;
				INFOPLIST_KEY_UIApplicationSceneManifest_Generation = YES;
				INFOPLIST_KEY_UIApplicationSupportsIndirectInputEvents = YES;
				INFOPLIST_KEY_UILaunchScreen_Generation = YES;
				INFOPLIST_KEY_UISupportedInterfaceOrientations = UIInterfaceOrientationPortrait;
				INFOPLIST_KEY_UISupportedInterfaceOrientations_iPad = "UIInterfaceOrientationLandscapeLeft UIInterfaceOrientationLandscapeRight UIInterfaceOrientationPortrait UIInterfaceOrientationPortraitUpsideDown";
				IPHONEOS_DEPLOYMENT_TARGET = 17.0;
				LD_RUNPATH_SEARCH_PATHS = (
					"$(inherited)",
					"@executable_path/Frameworks",
				);
				MARKETING_VERSION = 0.4.1;
				PRODUCT_BUNDLE_IDENTIFIER = com.remby.Vremeni;
				PRODUCT_NAME = "$(TARGET_NAME)";
				SUPPORTED_PLATFORMS = "iphoneos iphonesimulator";
				SUPPORTS_MACCATALYST = NO;
				SUPPORTS_MAC_DESIGNED_FOR_IPHONE_IPAD = NO;
				SUPPORTS_XR_DESIGNED_FOR_IPHONE_IPAD = NO;
				SWIFT_EMIT_LOC_STRINGS = YES;
				SWIFT_VERSION = 5.0;
				TARGETED_DEVICE_FAMILY = 1;
			};
			name = Release;
		};
		631AF3FA2C4FC82E00DFD63C /* Debug */ = {
			isa = XCBuildConfiguration;
			buildSettings = {
				BUNDLE_LOADER = "$(TEST_HOST)";
				CODE_SIGN_STYLE = Automatic;
				CURRENT_PROJECT_VERSION = 1;
				DEVELOPMENT_TEAM = ZFH6DW7S4P;
				GENERATE_INFOPLIST_FILE = YES;
				IPHONEOS_DEPLOYMENT_TARGET = 17.5;
				MARKETING_VERSION = 1.0;
				PRODUCT_BUNDLE_IDENTIFIER = com.remby.VremeniTests;
				PRODUCT_NAME = "$(TARGET_NAME)";
				SWIFT_EMIT_LOC_STRINGS = NO;
				SWIFT_VERSION = 5.0;
				TARGETED_DEVICE_FAMILY = "1,2";
				TEST_HOST = "$(BUILT_PRODUCTS_DIR)/Vremeni.app/$(BUNDLE_EXECUTABLE_FOLDER_PATH)/Vremeni";
			};
			name = Debug;
		};
		631AF3FB2C4FC82E00DFD63C /* Release */ = {
			isa = XCBuildConfiguration;
			buildSettings = {
				BUNDLE_LOADER = "$(TEST_HOST)";
				CODE_SIGN_STYLE = Automatic;
				CURRENT_PROJECT_VERSION = 1;
				DEVELOPMENT_TEAM = ZFH6DW7S4P;
				GENERATE_INFOPLIST_FILE = YES;
				IPHONEOS_DEPLOYMENT_TARGET = 17.5;
				MARKETING_VERSION = 1.0;
				PRODUCT_BUNDLE_IDENTIFIER = com.remby.VremeniTests;
				PRODUCT_NAME = "$(TARGET_NAME)";
				SWIFT_EMIT_LOC_STRINGS = NO;
				SWIFT_VERSION = 5.0;
				TARGETED_DEVICE_FAMILY = "1,2";
				TEST_HOST = "$(BUILT_PRODUCTS_DIR)/Vremeni.app/$(BUNDLE_EXECUTABLE_FOLDER_PATH)/Vremeni";
			};
			name = Release;
		};
		631AF3FD2C4FC82E00DFD63C /* Debug */ = {
			isa = XCBuildConfiguration;
			buildSettings = {
				CODE_SIGN_STYLE = Automatic;
				CURRENT_PROJECT_VERSION = 1;
				DEVELOPMENT_TEAM = ZFH6DW7S4P;
				GENERATE_INFOPLIST_FILE = YES;
				MARKETING_VERSION = 1.0;
				PRODUCT_BUNDLE_IDENTIFIER = com.remby.VremeniUITests;
				PRODUCT_NAME = "$(TARGET_NAME)";
				SWIFT_EMIT_LOC_STRINGS = NO;
				SWIFT_VERSION = 5.0;
				TARGETED_DEVICE_FAMILY = "1,2";
				TEST_TARGET_NAME = Vremeni;
			};
			name = Debug;
		};
		631AF3FE2C4FC82E00DFD63C /* Release */ = {
			isa = XCBuildConfiguration;
			buildSettings = {
				CODE_SIGN_STYLE = Automatic;
				CURRENT_PROJECT_VERSION = 1;
				DEVELOPMENT_TEAM = ZFH6DW7S4P;
				GENERATE_INFOPLIST_FILE = YES;
				MARKETING_VERSION = 1.0;
				PRODUCT_BUNDLE_IDENTIFIER = com.remby.VremeniUITests;
				PRODUCT_NAME = "$(TARGET_NAME)";
				SWIFT_EMIT_LOC_STRINGS = NO;
				SWIFT_VERSION = 5.0;
				TARGETED_DEVICE_FAMILY = "1,2";
				TEST_TARGET_NAME = Vremeni;
			};
			name = Release;
		};
/* End XCBuildConfiguration section */

/* Begin XCConfigurationList section */
		631AF3C82C4FC82B00DFD63C /* Build configuration list for PBXProject "Vremeni" */ = {
			isa = XCConfigurationList;
			buildConfigurations = (
				631AF3F42C4FC82E00DFD63C /* Debug */,
				631AF3F52C4FC82E00DFD63C /* Release */,
			);
			defaultConfigurationIsVisible = 0;
			defaultConfigurationName = Release;
		};
		631AF3F62C4FC82E00DFD63C /* Build configuration list for PBXNativeTarget "Vremeni" */ = {
			isa = XCConfigurationList;
			buildConfigurations = (
				631AF3F72C4FC82E00DFD63C /* Debug */,
				631AF3F82C4FC82E00DFD63C /* Release */,
			);
			defaultConfigurationIsVisible = 0;
			defaultConfigurationName = Release;
		};
		631AF3F92C4FC82E00DFD63C /* Build configuration list for PBXNativeTarget "VremeniTests" */ = {
			isa = XCConfigurationList;
			buildConfigurations = (
				631AF3FA2C4FC82E00DFD63C /* Debug */,
				631AF3FB2C4FC82E00DFD63C /* Release */,
			);
			defaultConfigurationIsVisible = 0;
			defaultConfigurationName = Release;
		};
		631AF3FC2C4FC82E00DFD63C /* Build configuration list for PBXNativeTarget "VremeniUITests" */ = {
			isa = XCConfigurationList;
			buildConfigurations = (
				631AF3FD2C4FC82E00DFD63C /* Debug */,
				631AF3FE2C4FC82E00DFD63C /* Release */,
			);
			defaultConfigurationIsVisible = 0;
			defaultConfigurationName = Release;
		};
/* End XCConfigurationList section */
	};
	rootObject = 631AF3C52C4FC82B00DFD63C /* Project object */;
}
